
Microsoft Visual Studio Solution File, Format Version 12.00
# Visual Studio Version 16
VisualStudioVersion = 16.0.33027.164
MinimumVisualStudioVersion = 10.0.40219.1
Project("{FAE04EC0-301F-11D3-BF4B-00C04F79EFBC}") = "Sln2_Back", "Sln2_Back.csproj", "{0C0E949B-577F-48C3-B0B4-6218E28D357C}"
EndProject
Global
	GlobalSection(SolutionConfigurationPlatforms) = preSolution
		Debug|Any CPU = Debug|Any CPU
		Release|Any CPU = Release|Any CPU
	EndGlobalSection
	GlobalSection(ProjectConfigurationPlatforms) = postSolution
		{0C0E949B-577F-48C3-B0B4-6218E28D357C}.Debug|Any CPU.ActiveCfg = Debug|Any CPU
		{0C0E949B-577F-48C3-B0B4-6218E28D357C}.Debug|Any CPU.Build.0 = Debug|Any CPU
		{0C0E949B-577F-48C3-B0B4-6218E28D357C}.Release|Any CPU.ActiveCfg = Release|Any CPU
		{0C0E949B-577F-48C3-B0B4-6218E28D357C}.Release|Any CPU.Build.0 = Release|Any CPU
	EndGlobalSection
	GlobalSection(SolutionProperties) = preSolution
		HideSolutionNode = FALSE
	EndGlobalSection
	GlobalSection(ExtensibilityGlobals) = postSolution
		SolutionGuid = {89DF5474-5A1B-459B-B02F-7EE3FBF62386}
	EndGlobalSection
EndGlobal
